
Microsoft Visual Studio Solution File, Format Version 12.00
Project("{FAE04EC0-301F-11D3-BF4B-00C04F79EFBC}") = "ChatBot.Web", "ChatBot.Web\ChatBot.Web.csproj", "{8260223B-F583-4D19-81BC-02F508D09009}"
EndProject
Global
	GlobalSection(SolutionConfigurationPlatforms) = preSolution
		Debug|Any CPU = Debug|Any CPU
		Release|Any CPU = Release|Any CPU
	EndGlobalSection
	GlobalSection(ProjectConfigurationPlatforms) = postSolution
		{8260223B-F583-4D19-81BC-02F508D09009}.Debug|Any CPU.ActiveCfg = Debug|Any CPU
		{8260223B-F583-4D19-81BC-02F508D09009}.Debug|Any CPU.Build.0 = Debug|Any CPU
		{8260223B-F583-4D19-81BC-02F508D09009}.Release|Any CPU.ActiveCfg = Release|Any CPU
		{8260223B-F583-4D19-81BC-02F508D09009}.Release|Any CPU.Build.0 = Release|Any CPU
	EndGlobalSection
EndGlobal
